// !$*UTF8*$!
{
	archiveVersion = 1;
	classes = {
	};
	objectVersion = 46;
	objects = {

/* Begin PBXBuildFile section */
		04A3383A1F4BF10C003C346C /* AppDelegate.swift in Sources */ = {isa = PBXBuildFile; fileRef = 04A338391F4BF10C003C346C /* AppDelegate.swift */; };
		04A3383C1F4BF10C003C346C /* ViewController.swift in Sources */ = {isa = PBXBuildFile; fileRef = 04A3383B1F4BF10C003C346C /* ViewController.swift */; };
		04A3383F1F4BF10C003C346C /* Main.storyboard in Resources */ = {isa = PBXBuildFile; fileRef = 04A3383D1F4BF10C003C346C /* Main.storyboard */; };
		04A338411F4BF10C003C346C /* Assets.xcassets in Resources */ = {isa = PBXBuildFile; fileRef = 04A338401F4BF10C003C346C /* Assets.xcassets */; };
		04A338441F4BF10C003C346C /* LaunchScreen.storyboard in Resources */ = {isa = PBXBuildFile; fileRef = 04A338421F4BF10C003C346C /* LaunchScreen.storyboard */; };
		04A3384C1F4BF138003C346C /* bg1.png in Resources */ = {isa = PBXBuildFile; fileRef = 04A3384B1F4BF138003C346C /* bg1.png */; };
		04A3384E1F4BF337003C346C /* imagebg.swift in Sources */ = {isa = PBXBuildFile; fileRef = 04A3384D1F4BF337003C346C /* imagebg.swift */; };
		04A338501F4BFD36003C346C /* start.png in Resources */ = {isa = PBXBuildFile; fileRef = 04A3384F1F4BFD36003C346C /* start.png */; };
		04A338521F4BFF3F003C346C /* bg2.png in Resources */ = {isa = PBXBuildFile; fileRef = 04A338511F4BFF3F003C346C /* bg2.png */; };
		04A338541F4BFF6F003C346C /* mainVC.swift in Sources */ = {isa = PBXBuildFile; fileRef = 04A338531F4BFF6F003C346C /* mainVC.swift */; };
		04A338561F4C0341003C346C /* monkey.png in Resources */ = {isa = PBXBuildFile; fileRef = 04A338551F4C0341003C346C /* monkey.png */; };
/* End PBXBuildFile section */

/* Begin PBXFileReference section */
		04A338361F4BF10C003C346C /* catchmonkey.app */ = {isa = PBXFileReference; explicitFileType = wrapper.application; includeInIndex = 0; path = catchmonkey.app; sourceTree = BUILT_PRODUCTS_DIR; };
		04A338391F4BF10C003C346C /* AppDelegate.swift */ = {isa = PBXFileReference; lastKnownFileType = sourcecode.swift; path = AppDelegate.swift; sourceTree = "<group>"; };
		04A3383B1F4BF10C003C346C /* ViewController.swift */ = {isa = PBXFileReference; lastKnownFileType = sourcecode.swift; path = ViewController.swift; sourceTree = "<group>"; };
		04A3383E1F4BF10C003C346C /* Base */ = {isa = PBXFileReference; lastKnownFileType = file.storyboard; name = Base; path = Base.lproj/Main.storyboard; sourceTree = "<group>"; };
		04A338401F4BF10C003C346C /* Assets.xcassets */ = {isa = PBXFileReference; lastKnownFileType = folder.assetcatalog; path = Assets.xcassets; sourceTree = "<group>"; };
		04A338431F4BF10C003C346C /* Base */ = {isa = PBXFileReference; lastKnownFileType = file.storyboard; name = Base; path = Base.lproj/LaunchScreen.storyboard; sourceTree = "<group>"; };
		04A338451F4BF10C003C346C /* Info.plist */ = {isa = PBXFileReference; lastKnownFileType = text.plist.xml; path = Info.plist; sourceTree = "<group>"; };
		04A3384B1F4BF138003C346C /* bg1.png */ = {isa = PBXFileReference; lastKnownFileType = image.png; path = bg1.png; sourceTree = "<group>"; };
		04A3384D1F4BF337003C346C /* imagebg.swift */ = {isa = PBXFileReference; fileEncoding = 4; lastKnownFileType = sourcecode.swift; path = imagebg.swift; sourceTree = "<group>"; };
		04A3384F1F4BFD36003C346C /* start.png */ = {isa = PBXFileReference; lastKnownFileType = image.png; path = start.png; sourceTree = "<group>"; };
		04A338511F4BFF3F003C346C /* bg2.png */ = {isa = PBXFileReference; lastKnownFileType = image.png; path = bg2.png; sourceTree = "<group>"; };
		04A338531F4BFF6F003C346C /* mainVC.swift */ = {isa = PBXFileReference; fileEncoding = 4; lastKnownFileType = sourcecode.swift; path = mainVC.swift; sourceTree = "<group>"; };
		04A338551F4C0341003C346C /* monkey.png */ = {isa = PBXFileReference; lastKnownFileType = image.png; path = monkey.png; sourceTree = "<group>"; };
/* End PBXFileReference section */

/* Begin PBXFrameworksBuildPhase section */
		04A338331F4BF10C003C346C /* Frameworks */ = {
			isa = PBXFrameworksBuildPhase;
			buildActionMask = 2147483647;
			files = (
			);
			runOnlyForDeploymentPostprocessing = 0;
		};
/* End PBXFrameworksBuildPhase section */

/* Begin PBXGroup section */
		04A3382D1F4BF10C003C346C = {
			isa = PBXGroup;
			children = (
				04A338381F4BF10C003C346C /* catchmonkey */,
				04A338371F4BF10C003C346C /* Products */,
			);
			sourceTree = "<group>";
		};
		04A338371F4BF10C003C346C /* Products */ = {
			isa = PBXGroup;
			children = (
				04A338361F4BF10C003C346C /* catchmonkey.app */,
			);
			name = Products;
			sourceTree = "<group>";
		};
		04A338381F4BF10C003C346C /* catchmonkey */ = {
			isa = PBXGroup;
			children = (
				04A338391F4BF10C003C346C /* AppDelegate.swift */,
				04A3383B1F4BF10C003C346C /* ViewController.swift */,
				04A338531F4BFF6F003C346C /* mainVC.swift */,
				04A3384D1F4BF337003C346C /* imagebg.swift */,
				04A338551F4C0341003C346C /* monkey.png */,
				04A3384B1F4BF138003C346C /* bg1.png */,
				04A338511F4BFF3F003C346C /* bg2.png */,
				04A3384F1F4BFD36003C346C /* start.png */,
				04A3383D1F4BF10C003C346C /* Main.storyboard */,
				04A338401F4BF10C003C346C /* Assets.xcassets */,
				04A338421F4BF10C003C346C /* LaunchScreen.storyboard */,
				04A338451F4BF10C003C346C /* Info.plist */,
			);
			path = catchmonkey;
			sourceTree = "<group>";
		};
/* End PBXGroup section */

/* Begin PBXNativeTarget section */
		04A338351F4BF10C003C346C /* catchmonkey */ = {
			isa = PBXNativeTarget;
			buildConfigurationList = 04A338481F4BF10C003C346C /* Build configuration list for PBXNativeTarget "catchmonkey" */;
			buildPhases = (
				04A338321F4BF10C003C346C /* Sources */,
				04A338331F4BF10C003C346C /* Frameworks */,
				04A338341F4BF10C003C346C /* Resources */,
			);
			buildRules = (
			);
			dependencies = (
			);
			name = catchmonkey;
			productName = catchmonkey;
			productReference = 04A338361F4BF10C003C346C /* catchmonkey.app */;
			productType = "com.apple.product-type.application";
		};
/* End PBXNativeTarget section */

/* Begin PBXProject section */
		04A3382E1F4BF10C003C346C /* Project object */ = {
			isa = PBXProject;
			attributes = {
				LastSwiftUpdateCheck = 0830;
				LastUpgradeCheck = 0830;
				ORGANIZATIONNAME = andyptra;
				TargetAttributes = {
					04A338351F4BF10C003C346C = {
						CreatedOnToolsVersion = 8.3.3;
						DevelopmentTeam = 4626F4F694;
						ProvisioningStyle = Automatic;
					};
				};
			};
			buildConfigurationList = 04A338311F4BF10C003C346C /* Build configuration list for PBXProject "catchmonkey" */;
			compatibilityVersion = "Xcode 3.2";
			developmentRegion = English;
			hasScannedForEncodings = 0;
			knownRegions = (
				en,
				Base,
			);
			mainGroup = 04A3382D1F4BF10C003C346C;
			productRefGroup = 04A338371F4BF10C003C346C /* Products */;
			projectDirPath = "";
			projectRoot = "";
			targets = (
				04A338351F4BF10C003C346C /* catchmonkey */,
			);
		};
/* End PBXProject section */

/* Begin PBXResourcesBuildPhase section */
		04A338341F4BF10C003C346C /* Resources */ = {
			isa = PBXResourcesBuildPhase;
			buildActionMask = 2147483647;
			files = (
				04A338561F4C0341003C346C /* monkey.png in Resources */,
				04A3384C1F4BF138003C346C /* bg1.png in Resources */,
				04A338441F4BF10C003C346C /* LaunchScreen.storyboard in Resources */,
				04A338501F4BFD36003C346C /* start.png in Resources */,
				04A338521F4BFF3F003C346C /* bg2.png in Resources */,
				04A338411F4BF10C003C346C /* Assets.xcassets in Resources */,
				04A3383F1F4BF10C003C346C /* Main.storyboard in Resources */,
			);
			runOnlyForDeploymentPostprocessing = 0;
		};
/* End PBXResourcesBuildPhase section */

/* Begin PBXSourcesBuildPhase section */
		04A338321F4BF10C003C346C /* Sources */ = {
			isa = PBXSourcesBuildPhase;
			buildActionMask = 2147483647;
			files = (
				04A3384E1F4BF337003C346C /* imagebg.swift in Sources */,
				04A338541F4BFF6F003C346C /* mainVC.swift in Sources */,
				04A3383C1F4BF10C003C346C /* ViewController.swift in Sources */,
				04A3383A1F4BF10C003C346C /* AppDelegate.swift in Sources */,
			);
			runOnlyForDeploymentPostprocessing = 0;
		};
/* End PBXSourcesBuildPhase section */

/* Begin PBXVariantGroup section */
		04A3383D1F4BF10C003C346C /* Main.storyboard */ = {
			isa = PBXVariantGroup;
			children = (
				04A3383E1F4BF10C003C346C /* Base */,
			);
			name = Main.storyboard;
			sourceTree = "<group>";
		};
		04A338421F4BF10C003C346C /* LaunchScreen.storyboard */ = {
			isa = PBXVariantGroup;
			children = (
				04A338431F4BF10C003C346C /* Base */,
			);
			name = LaunchScreen.storyboard;
			sourceTree = "<group>";
		};
/* End PBXVariantGroup section */

/* Begin XCBuildConfiguration section */
		04A338461F4BF10C003C346C /* Debug */ = {
			isa = XCBuildConfiguration;
			buildSettings = {
				ALWAYS_SEARCH_USER_PATHS = NO;
				CLANG_ANALYZER_NONNULL = YES;
				CLANG_ANALYZER_NUMBER_OBJECT_CONVERSION = YES_AGGRESSIVE;
				CLANG_CXX_LANGUAGE_STANDARD = "gnu++0x";
				CLANG_CXX_LIBRARY = "libc++";
				CLANG_ENABLE_MODULES = YES;
				CLANG_ENABLE_OBJC_ARC = YES;
				CLANG_WARN_BOOL_CONVERSION = YES;
				CLANG_WARN_CONSTANT_CONVERSION = YES;
				CLANG_WARN_DIRECT_OBJC_ISA_USAGE = YES_ERROR;
				CLANG_WARN_DOCUMENTATION_COMMENTS = YES;
				CLANG_WARN_EMPTY_BODY = YES;
				CLANG_WARN_ENUM_CONVERSION = YES;
				CLANG_WARN_INFINITE_RECURSION = YES;
				CLANG_WARN_INT_CONVERSION = YES;
				CLANG_WARN_OBJC_ROOT_CLASS = YES_ERROR;
				CLANG_WARN_SUSPICIOUS_MOVE = YES;
				CLANG_WARN_UNREACHABLE_CODE = YES;
				CLANG_WARN__DUPLICATE_METHOD_MATCH = YES;
				"CODE_SIGN_IDENTITY[sdk=iphoneos*]" = "iPhone Developer";
				COPY_PHASE_STRIP = NO;
				DEBUG_INFORMATION_FORMAT = dwarf;
				ENABLE_STRICT_OBJC_MSGSEND = YES;
				ENABLE_TESTABILITY = YES;
				GCC_C_LANGUAGE_STANDARD = gnu99;
				GCC_DYNAMIC_NO_PIC = NO;
				GCC_NO_COMMON_BLOCKS = YES;
				GCC_OPTIMIZATION_LEVEL = 0;
				GCC_PREPROCESSOR_DEFINITIONS = (
					"DEBUG=1",
					"$(inherited)",
				);
				GCC_WARN_64_TO_32_BIT_CONVERSION = YES;
				GCC_WARN_ABOUT_RETURN_TYPE = YES_ERROR;
				GCC_WARN_UNDECLARED_SELECTOR = YES;
				GCC_WARN_UNINITIALIZED_AUTOS = YES_AGGRESSIVE;
				GCC_WARN_UNUSED_FUNCTION = YES;
				GCC_WARN_UNUSED_VARIABLE = YES;
				IPHONEOS_DEPLOYMENT_TARGET = 10.3;
				MTL_ENABLE_DEBUG_INFO = YES;
				ONLY_ACTIVE_ARCH = YES;
				SDKROOT = iphoneos;
				SWIFT_ACTIVE_COMPILATION_CONDITIONS = DEBUG;
				SWIFT_OPTIMIZATION_LEVEL = "-Onone";
				TARGETED_DEVICE_FAMILY = "1,2";
			};
			name = Debug;
		};
		04A338471F4BF10C003C346C /* Release */ = {
			isa = XCBuildConfiguration;
			buildSettings = {
				ALWAYS_SEARCH_USER_PATHS = NO;
				CLANG_ANALYZER_NONNULL = YES;
				CLANG_ANALYZER_NUMBER_OBJECT_CONVERSION = YES_AGGRESSIVE;
				CLANG_CXX_LANGUAGE_STANDARD = "gnu++0x";
				CLANG_CXX_LIBRARY = "libc++";
				CLANG_ENABLE_MODULES = YES;
				CLANG_ENABLE_OBJC_ARC = YES;
				CLANG_WARN_BOOL_CONVERSION = YES;
				CLANG_WARN_CONSTANT_CONVERSION = YES;
				CLANG_WARN_DIRECT_OBJC_ISA_USAGE = YES_ERROR;
				CLANG_WARN_DOCUMENTATION_COMMENTS = YES;
				CLANG_WARN_EMPTY_BODY = YES;
				CLANG_WARN_ENUM_CONVERSION = YES;
				CLANG_WARN_INFINITE_RECURSION = YES;
				CLANG_WARN_INT_CONVERSION = YES;
				CLANG_WARN_OBJC_ROOT_CLASS = YES_ERROR;
				CLANG_WARN_SUSPICIOUS_MOVE = YES;
				CLANG_WARN_UNREACHABLE_CODE = YES;
				CLANG_WARN__DUPLICATE_METHOD_MATCH = YES;
				"CODE_SIGN_IDENTITY[sdk=iphoneos*]" = "iPhone Developer";
				COPY_PHASE_STRIP = NO;
				DEBUG_INFORMATION_FORMAT = "dwarf-with-dsym";
				ENABLE_NS_ASSERTIONS = NO;
				ENABLE_STRICT_OBJC_MSGSEND = YES;
				GCC_C_LANGUAGE_STANDARD = gnu99;
				GCC_NO_COMMON_BLOCKS = YES;
				GCC_WARN_64_TO_32_BIT_CONVERSION = YES;
				GCC_WARN_ABOUT_RETURN_TYPE = YES_ERROR;
				GCC_WARN_UNDECLARED_SELECTOR = YES;
				GCC_WARN_UNINITIALIZED_AUTOS = YES_AGGRESSIVE;
				GCC_WARN_UNUSED_FUNCTION = YES;
				GCC_WARN_UNUSED_VARIABLE = YES;
				IPHONEOS_DEPLOYMENT_TARGET = 10.3;
				MTL_ENABLE_DEBUG_INFO = NO;
				SDKROOT = iphoneos;
				SWIFT_OPTIMIZATION_LEVEL = "-Owholemodule";
				TARGETED_DEVICE_FAMILY = "1,2";
				VALIDATE_PRODUCT = YES;
			};
			name = Release;
		};
		04A338491F4BF10C003C346C /* Debug */ = {
			isa = XCBuildConfiguration;
			buildSettings = {
				ASSETCATALOG_COMPILER_APPICON_NAME = AppIcon;
				"CODE_SIGN_IDENTITY[sdk=iphoneos*]" = "iPhone Developer";
				DEVELOPMENT_TEAM = 4626F4F694;
				INFOPLIST_FILE = catchmonkey/Info.plist;
				LD_RUNPATH_SEARCH_PATHS = "$(inherited) @executable_path/Frameworks";
				PRODUCT_BUNDLE_IDENTIFIER = com.andyptra.catchmonkey;
				PRODUCT_NAME = "$(TARGET_NAME)";
				PROVISIONING_PROFILE_SPECIFIER = "";
				SWIFT_VERSION = 3.0;
			};
			name = Debug;
		};
		04A3384A1F4BF10C003C346C /* Release */ = {
			isa = XCBuildConfiguration;
			buildSettings = {
				ASSETCATALOG_COMPILER_APPICON_NAME = AppIcon;
				"CODE_SIGN_IDENTITY[sdk=iphoneos*]" = "iPhone Developer";
				DEVELOPMENT_TEAM = 4626F4F694;
				INFOPLIST_FILE = catchmonkey/Info.plist;
				LD_RUNPATH_SEARCH_PATHS = "$(inherited) @executable_path/Frameworks";
				PRODUCT_BUNDLE_IDENTIFIER = com.andyptra.catchmonkey;
				PRODUCT_NAME = "$(TARGET_NAME)";
				PROVISIONING_PROFILE_SPECIFIER = "";
				SWIFT_VERSION = 3.0;
			};
			name = Release;
		};
/* End XCBuildConfiguration section */

/* Begin XCConfigurationList section */
		04A338311F4BF10C003C346C /* Build configuration list for PBXProject "catchmonkey" */ = {
			isa = XCConfigurationList;
			buildConfigurations = (
				04A338461F4BF10C003C346C /* Debug */,
				04A338471F4BF10C003C346C /* Release */,
			);
			defaultConfigurationIsVisible = 0;
			defaultConfigurationName = Release;
		};
		04A338481F4BF10C003C346C /* Build configuration list for PBXNativeTarget "catchmonkey" */ = {
			isa = XCConfigurationList;
			buildConfigurations = (
				04A338491F4BF10C003C346C /* Debug */,
				04A3384A1F4BF10C003C346C /* Release */,
			);
			defaultConfigurationIsVisible = 0;
			defaultConfigurationName = Release;
		};
/* End XCConfigurationList section */
	};
	rootObject = 04A3382E1F4BF10C003C346C /* Project object */;
}
